
Microsoft Visual Studio Solution File, Format Version 12.00
Project("{FAE04EC0-301F-11D3-BF4B-00C04F79EFBC}") = "OpenKMS", "OpenKMS\OpenKMS.csproj", "{B24DDE63-1915-4F36-998B-1A69F6ECBEE2}"
EndProject
Project("{FAE04EC0-301F-11D3-BF4B-00C04F79EFBC}") = "OpenKMS.Azure.KeyVault", "OpenKMS.Azure.KeyVault\OpenKMS.Azure.KeyVault.csproj", "{CCE0BC14-24DD-4AE8-957B-E3EAA76D9ADE}"
EndProject
Project("{FAE04EC0-301F-11D3-BF4B-00C04F79EFBC}") = "OpenKMS.Aes", "OpenKMS.Aes\OpenKMS.Aes.csproj", "{7DA5F338-1039-4CD2-8578-E80446CA5E8F}"
EndProject
Project("{2150E333-8FDC-42A3-9474-1A3956D46DE8}") = "Solution Items", "Solution Items", "{A5B72255-C70F-485E-ADF8-06D544C803B0}"
	ProjectSection(SolutionItems) = preProject
		..\.gitignore = ..\.gitignore
		..\.releaserc.json = ..\.releaserc.json
		..\CHANGELOG.md = ..\CHANGELOG.md
		..\CODE_OF_CONDUCT.md = ..\CODE_OF_CONDUCT.md
		..\LICENSE = ..\LICENSE
		..\makefile = ..\makefile
		..\package.json = ..\package.json
		..\README.md = ..\README.md
	EndProjectSection
EndProject
Project("{2150E333-8FDC-42A3-9474-1A3956D46DE8}") = "Scripts", "Scripts", "{8623B308-7C93-4EDA-A21E-232C9F1E6DA6}"
	ProjectSection(SolutionItems) = preProject
		..\scripts\build.sh = ..\scripts\build.sh
		..\scripts\dependencycheck.sh = ..\scripts\dependencycheck.sh
		..\scripts\release.sh = ..\scripts\release.sh
		..\scripts\verify.sh = ..\scripts\verify.sh
	EndProjectSection
EndProject
Project("{2150E333-8FDC-42A3-9474-1A3956D46DE8}") = "Checks", "Checks", "{111FD6C7-B17A-4E83-9747-4CCA1F96449A}"
	ProjectSection(SolutionItems) = preProject
		..\scripts\checks\dockercheck.sh = ..\scripts\checks\dockercheck.sh
		..\scripts\checks\dotnetcheck.sh = ..\scripts\checks\dotnetcheck.sh
	EndProjectSection
EndProject
Project("{2150E333-8FDC-42A3-9474-1A3956D46DE8}") = "Pipeline", "Pipeline", "{BFA4EB7D-FD6C-4D31-A31C-CFE28F4A1CB1}"
	ProjectSection(SolutionItems) = preProject
		..\.github\CODEOWNERS = ..\.github\CODEOWNERS
		..\.github\dependabot.yml = ..\.github\dependabot.yml
		..\.github\ISSUE_TEMPLATE.md = ..\.github\ISSUE_TEMPLATE.md
		..\.github\PULL_REQUEST_TEMPLATE.md = ..\.github\PULL_REQUEST_TEMPLATE.md
	EndProjectSection
EndProject
Project("{2150E333-8FDC-42A3-9474-1A3956D46DE8}") = "Workflows", "Workflows", "{7B71C203-0497-4CFC-8C37-9E1B3641B675}"
	ProjectSection(SolutionItems) = preProject
		..\.github\workflows\pull-request.yml = ..\.github\workflows\pull-request.yml
		..\.github\workflows\verify.yml = ..\.github\workflows\verify.yml
	EndProjectSection
EndProject
Project("{FAE04EC0-301F-11D3-BF4B-00C04F79EFBC}") = "OpenKMS.EntityFrameworkCore", "OpenKMS.EntityFrameworkCore\OpenKMS.EntityFrameworkCore.csproj", "{3A56ADF1-CFC6-40F1-AD8F-E7526B6E0D57}"
EndProject
Global
	GlobalSection(SolutionConfigurationPlatforms) = preSolution
		Debug|Any CPU = Debug|Any CPU
		Release|Any CPU = Release|Any CPU
	EndGlobalSection
	GlobalSection(ProjectConfigurationPlatforms) = postSolution
		{B24DDE63-1915-4F36-998B-1A69F6ECBEE2}.Debug|Any CPU.ActiveCfg = Debug|Any CPU
		{B24DDE63-1915-4F36-998B-1A69F6ECBEE2}.Debug|Any CPU.Build.0 = Debug|Any CPU
		{B24DDE63-1915-4F36-998B-1A69F6ECBEE2}.Release|Any CPU.ActiveCfg = Release|Any CPU
		{B24DDE63-1915-4F36-998B-1A69F6ECBEE2}.Release|Any CPU.Build.0 = Release|Any CPU
		{CCE0BC14-24DD-4AE8-957B-E3EAA76D9ADE}.Debug|Any CPU.ActiveCfg = Debug|Any CPU
		{CCE0BC14-24DD-4AE8-957B-E3EAA76D9ADE}.Debug|Any CPU.Build.0 = Debug|Any CPU
		{CCE0BC14-24DD-4AE8-957B-E3EAA76D9ADE}.Release|Any CPU.ActiveCfg = Release|Any CPU
		{CCE0BC14-24DD-4AE8-957B-E3EAA76D9ADE}.Release|Any CPU.Build.0 = Release|Any CPU
		{7DA5F338-1039-4CD2-8578-E80446CA5E8F}.Debug|Any CPU.ActiveCfg = Debug|Any CPU
		{7DA5F338-1039-4CD2-8578-E80446CA5E8F}.Debug|Any CPU.Build.0 = Debug|Any CPU
		{7DA5F338-1039-4CD2-8578-E80446CA5E8F}.Release|Any CPU.ActiveCfg = Release|Any CPU
		{7DA5F338-1039-4CD2-8578-E80446CA5E8F}.Release|Any CPU.Build.0 = Release|Any CPU
		{3A56ADF1-CFC6-40F1-AD8F-E7526B6E0D57}.Debug|Any CPU.ActiveCfg = Debug|Any CPU
		{3A56ADF1-CFC6-40F1-AD8F-E7526B6E0D57}.Debug|Any CPU.Build.0 = Debug|Any CPU
		{3A56ADF1-CFC6-40F1-AD8F-E7526B6E0D57}.Release|Any CPU.ActiveCfg = Release|Any CPU
		{3A56ADF1-CFC6-40F1-AD8F-E7526B6E0D57}.Release|Any CPU.Build.0 = Release|Any CPU
	EndGlobalSection
	GlobalSection(NestedProjects) = preSolution
		{111FD6C7-B17A-4E83-9747-4CCA1F96449A} = {8623B308-7C93-4EDA-A21E-232C9F1E6DA6}
		{7B71C203-0497-4CFC-8C37-9E1B3641B675} = {BFA4EB7D-FD6C-4D31-A31C-CFE28F4A1CB1}
	EndGlobalSection
EndGlobal
